<?xml version="1.0" encoding="UTF-8" standalone="yes" ?>
<CodeBlocks_project_file>
   <FileVersion major="1" minor="6" />
   <Project>
      <Option title="Gradius" />
      <Option makefile_is_custom="1" />
      <Option compiler="gcc" />
      <Option virtualFolders="CMake Files\;CMake Files\cmake_modules\;" />
      <Build>
      <Target title="all">
         <Option working_dir="/home/uauser/Desktop/gradius" />
         <Option type="4" />
         <MakeCommands>
            <Build command="/usr/bin/make -f &quot;/home/uauser/Desktop/gradius/Makefile&quot;  VERBOSE=1 all" />
            <CompileFile command="/usr/bin/make -f &quot;/home/uauser/Desktop/gradius/Makefile&quot;  VERBOSE=1 &quot;$file&quot;" />
            <Clean command="/usr/bin/make -f &quot;/home/uauser/Desktop/gradius/Makefile&quot;  VERBOSE=1 clean" />
            <DistClean command="/usr/bin/make -f &quot;/home/uauser/Desktop/gradius/Makefile&quot;  VERBOSE=1 clean" />
         </MakeCommands>
      </Target>
      <Target title="edit_cache">
         <Option working_dir="/home/uauser/Desktop/gradius" />
         <Option type="4" />
         <MakeCommands>
            <Build command="/usr/bin/make -f &quot;/home/uauser/Desktop/gradius/Makefile&quot;  VERBOSE=1 edit_cache" />
            <CompileFile command="/usr/bin/make -f &quot;/home/uauser/Desktop/gradius/Makefile&quot;  VERBOSE=1 &quot;$file&quot;" />
            <Clean command="/usr/bin/make -f &quot;/home/uauser/Desktop/gradius/Makefile&quot;  VERBOSE=1 clean" />
            <DistClean command="/usr/bin/make -f &quot;/home/uauser/Desktop/gradius/Makefile&quot;  VERBOSE=1 clean" />
         </MakeCommands>
      </Target>
      <Target title="Gradius">
         <Option output="/home/uauser/Desktop/gradius/Gradius" prefix_auto="0" extension_auto="0" />
         <Option working_dir="/home/uauser/Desktop/gradius" />
         <Option object_output="./" />
         <Option type="1" />
         <Option compiler="gcc" />
         <Compiler>
            <Add directory="/usr/include" />
            <Add directory="/usr/include/c++/7" />
            <Add directory="/usr/include/c++/7/backward" />
            <Add directory="/usr/include/x86_64-linux-gnu" />
            <Add directory="/usr/include/x86_64-linux-gnu/c++/7" />
            <Add directory="/usr/lib/gcc/x86_64-linux-gnu/7/include" />
            <Add directory="/usr/lib/gcc/x86_64-linux-gnu/7/include-fixed" />
            <Add directory="/usr/local/include" />
         </Compiler>
         <MakeCommands>
            <Build command="/usr/bin/make -f &quot;/home/uauser/Desktop/gradius/Makefile&quot;  VERBOSE=1 Gradius" />
            <CompileFile command="/usr/bin/make -f &quot;/home/uauser/Desktop/gradius/Makefile&quot;  VERBOSE=1 &quot;$file&quot;" />
            <Clean command="/usr/bin/make -f &quot;/home/uauser/Desktop/gradius/Makefile&quot;  VERBOSE=1 clean" />
            <DistClean command="/usr/bin/make -f &quot;/home/uauser/Desktop/gradius/Makefile&quot;  VERBOSE=1 clean" />
         </MakeCommands>
      </Target>
      <Target title="Gradius/fast">
         <Option output="/home/uauser/Desktop/gradius/Gradius" prefix_auto="0" extension_auto="0" />
         <Option working_dir="/home/uauser/Desktop/gradius" />
         <Option object_output="./" />
         <Option type="1" />
         <Option compiler="gcc" />
         <Compiler>
            <Add directory="/usr/include" />
            <Add directory="/usr/include/c++/7" />
            <Add directory="/usr/include/c++/7/backward" />
            <Add directory="/usr/include/x86_64-linux-gnu" />
            <Add directory="/usr/include/x86_64-linux-gnu/c++/7" />
            <Add directory="/usr/lib/gcc/x86_64-linux-gnu/7/include" />
            <Add directory="/usr/lib/gcc/x86_64-linux-gnu/7/include-fixed" />
            <Add directory="/usr/local/include" />
         </Compiler>
         <MakeCommands>
            <Build command="/usr/bin/make -f &quot;/home/uauser/Desktop/gradius/Makefile&quot;  VERBOSE=1 Gradius/fast" />
            <CompileFile command="/usr/bin/make -f &quot;/home/uauser/Desktop/gradius/Makefile&quot;  VERBOSE=1 &quot;$file&quot;" />
            <Clean command="/usr/bin/make -f &quot;/home/uauser/Desktop/gradius/Makefile&quot;  VERBOSE=1 clean" />
            <DistClean command="/usr/bin/make -f &quot;/home/uauser/Desktop/gradius/Makefile&quot;  VERBOSE=1 clean" />
         </MakeCommands>
      </Target>
      <Target title="rebuild_cache">
         <Option working_dir="/home/uauser/Desktop/gradius" />
         <Option type="4" />
         <MakeCommands>
            <Build command="/usr/bin/make -f &quot;/home/uauser/Desktop/gradius/Makefile&quot;  VERBOSE=1 rebuild_cache" />
            <CompileFile command="/usr/bin/make -f &quot;/home/uauser/Desktop/gradius/Makefile&quot;  VERBOSE=1 &quot;$file&quot;" />
            <Clean command="/usr/bin/make -f &quot;/home/uauser/Desktop/gradius/Makefile&quot;  VERBOSE=1 clean" />
            <DistClean command="/usr/bin/make -f &quot;/home/uauser/Desktop/gradius/Makefile&quot;  VERBOSE=1 clean" />
         </MakeCommands>
      </Target>
      </Build>
      <Unit filename="/home/uauser/Desktop/gradius/Controller.cpp">
         <Option target="Gradius"/>
      </Unit>
      <Unit filename="/home/uauser/Desktop/gradius/Controller.h">
         <Option target="Gradius"/>
      </Unit>
      <Unit filename="/home/uauser/Desktop/gradius/Entity.cpp">
         <Option target="Gradius"/>
      </Unit>
      <Unit filename="/home/uauser/Desktop/gradius/Entity.h">
         <Option target="Gradius"/>
      </Unit>
      <Unit filename="/home/uauser/Desktop/gradius/EntityRepresentation.cpp">
         <Option target="Gradius"/>
      </Unit>
      <Unit filename="/home/uauser/Desktop/gradius/EntityRepresentation.h">
         <Option target="Gradius"/>
      </Unit>
      <Unit filename="/home/uauser/Desktop/gradius/Game.cpp">
         <Option target="Gradius"/>
      </Unit>
      <Unit filename="/home/uauser/Desktop/gradius/Game.h">
         <Option target="Gradius"/>
      </Unit>
      <Unit filename="/home/uauser/Desktop/gradius/Model.cpp">
         <Option target="Gradius"/>
      </Unit>
      <Unit filename="/home/uauser/Desktop/gradius/Model.h">
         <Option target="Gradius"/>
      </Unit>
      <Unit filename="/home/uauser/Desktop/gradius/MovingEntity.cpp">
         <Option target="Gradius"/>
      </Unit>
      <Unit filename="/home/uauser/Desktop/gradius/MovingEntity.h">
         <Option target="Gradius"/>
      </Unit>
      <Unit filename="/home/uauser/Desktop/gradius/PlayerShip.cpp">
         <Option target="Gradius"/>
      </Unit>
      <Unit filename="/home/uauser/Desktop/gradius/PlayerShip.h">
         <Option target="Gradius"/>
      </Unit>
      <Unit filename="/home/uauser/Desktop/gradius/StationaryEntity.cpp">
         <Option target="Gradius"/>
      </Unit>
      <Unit filename="/home/uauser/Desktop/gradius/StationaryEntity.h">
         <Option target="Gradius"/>
      </Unit>
      <Unit filename="/home/uauser/Desktop/gradius/Stopwatch.cpp">
         <Option target="Gradius"/>
      </Unit>
      <Unit filename="/home/uauser/Desktop/gradius/Stopwatch.h">
         <Option target="Gradius"/>
      </Unit>
      <Unit filename="/home/uauser/Desktop/gradius/Transformation.cpp">
         <Option target="Gradius"/>
      </Unit>
      <Unit filename="/home/uauser/Desktop/gradius/Transformation.h">
         <Option target="Gradius"/>
      </Unit>
      <Unit filename="/home/uauser/Desktop/gradius/View.cpp">
         <Option target="Gradius"/>
      </Unit>
      <Unit filename="/home/uauser/Desktop/gradius/View.h">
         <Option target="Gradius"/>
      </Unit>
      <Unit filename="/home/uauser/Desktop/gradius/main.cpp">
         <Option target="Gradius"/>
      </Unit>
      <Unit filename="/home/uauser/Desktop/gradius/CMakeLists.txt">
          <Option virtualFolder="CMake Files\" />
      </Unit>
      <Unit filename="/home/uauser/Desktop/gradius/cmake_modules/FindSFML.cmake">
          <Option virtualFolder="CMake Files\cmake_modules\" />
      </Unit>
   </Project>
</CodeBlocks_project_file>
